
Microsoft Visual Studio Solution File, Format Version 12.00
# Visual Studio Version 17
VisualStudioVersion = 17.7.34003.232
MinimumVisualStudioVersion = 10.0.40219.1
Project("{FAE04EC0-301F-11D3-BF4B-00C04F79EFBC}") = "MakeRaystationDataStructure_CSharp", "MakeRaystationDataStructure_CSharp\MakeRaystationDataStructure_CSharp.csproj", "{C4E4CF27-88E5-4783-B358-D755B2422856}"
EndProject
Project("{FAE04EC0-301F-11D3-BF4B-00C04F79EFBC}") = "DataBaseStructure", "DataBaseStructure\DataBaseStructure.csproj", "{B0EBDE38-9CFD-4C07-A7C3-C2CABA2F73FE}"
EndProject
Global
	GlobalSection(SolutionConfigurationPlatforms) = preSolution
		Debug|Any CPU = Debug|Any CPU
		Release|Any CPU = Release|Any CPU
	EndGlobalSection
	GlobalSection(ProjectConfigurationPlatforms) = postSolution
		{C4E4CF27-88E5-4783-B358-D755B2422856}.Debug|Any CPU.ActiveCfg = Debug|Any CPU
		{C4E4CF27-88E5-4783-B358-D755B2422856}.Debug|Any CPU.Build.0 = Debug|Any CPU
		{C4E4CF27-88E5-4783-B358-D755B2422856}.Release|Any CPU.ActiveCfg = Release|Any CPU
		{C4E4CF27-88E5-4783-B358-D755B2422856}.Release|Any CPU.Build.0 = Release|Any CPU
		{B0EBDE38-9CFD-4C07-A7C3-C2CABA2F73FE}.Debug|Any CPU.ActiveCfg = Debug|Any CPU
		{B0EBDE38-9CFD-4C07-A7C3-C2CABA2F73FE}.Debug|Any CPU.Build.0 = Debug|Any CPU
		{B0EBDE38-9CFD-4C07-A7C3-C2CABA2F73FE}.Release|Any CPU.ActiveCfg = Release|Any CPU
		{B0EBDE38-9CFD-4C07-A7C3-C2CABA2F73FE}.Release|Any CPU.Build.0 = Release|Any CPU
	EndGlobalSection
	GlobalSection(SolutionProperties) = preSolution
		HideSolutionNode = FALSE
	EndGlobalSection
	GlobalSection(ExtensibilityGlobals) = postSolution
		SolutionGuid = {8B8624A4-8712-4F73-8BAC-E932EC0CDB84}
	EndGlobalSection
EndGlobal
